# This file is automatically @generated by Cargo.
# It is not intended for manual editing.
version = 4

[[package]]
name = "tsdb-api"
version = "0.1.0"

[[package]]
name = "tsdb-core"
version = "0.1.0"

[[package]]
name = "tsdb-engine"
version = "0.1.0"

[[package]]
name = "tsdb-query"
version = "0.1.0"

[[package]]
name = "tsdb-server"
version = "0.1.0"
